# This file was autogenerated by Stack.
# You should not edit this file by hand.
# For more information, please see the documentation at:
#   https://docs.haskellstack.org/en/stable/lock_files

packages:
- completed:
    hackage: gio-0.13.8.1@sha256:7404841eefdfffb50c2b5f63879ffe4bf40fb5ddf90a7f633494eca0e23150a5,3136
    pantry-tree:
      size: 2036
      sha256: aaaf68e5b95f7ac53e60e55552bb0919597bd4002ebdf45fbd580cbc1c71f487
  original:
    hackage: gio-0.13.8.1@sha256:7404841eefdfffb50c2b5f63879ffe4bf40fb5ddf90a7f633494eca0e23150a5,3136
- completed:
    hackage: cairo-0.13.8.1@sha256:1938aaeb5d3504678d995774dfe870f6b66cbd43d336b692fa8779b23b2b67a9,4075
    pantry-tree:
      size: 2830
      sha256: 8f6344da4c578a4dd3a49c333e2158b695bfae32a74d34a76bbc6e531b70c95c
  original:
    hackage: cairo-0.13.8.1@sha256:1938aaeb5d3504678d995774dfe870f6b66cbd43d336b692fa8779b23b2b67a9,4075
- completed:
    hackage: ghc-heap-view-0.6.3@sha256:cab6eac485c7c7e908a207b74017ad18776ede91c72cad3a4295fc452048f48c,3193
    pantry-tree:
      size: 547
      sha256: 231fe659ea1850b908d108eac29a1f577caee3439b039b1996b05636e9ca2903
  original:
    hackage: ghc-heap-view-0.6.3@sha256:cab6eac485c7c7e908a207b74017ad18776ede91c72cad3a4295fc452048f48c,3193
- completed:
    hackage: gtk3-0.15.6@sha256:dba44a9bd37afc1c96d857d43cde7a1632f1deac96c0f052c1a4fdfb3c63a9b6,19495
    pantry-tree:
      size: 21251
      sha256: d5fa7ee7cefd90e39cd0e1500fdd44d9394d449c62fba86b990abbc9f49f9b96
  original:
    hackage: gtk3-0.15.6@sha256:dba44a9bd37afc1c96d857d43cde7a1632f1deac96c0f052c1a4fdfb3c63a9b6,19495
- completed:
    hackage: svgcairo-0.13.2.1@sha256:64aff3bb527aa484256b8c04c6469185ba307c7bd48ecb663103eff61ffa1c4b,1702
    pantry-tree:
      size: 441
      sha256: 34427d29215338e4aa56f8b29edec5d7c22809741b4993e23a9252d5d8d17c97
  original:
    hackage: svgcairo-0.13.2.1@sha256:64aff3bb527aa484256b8c04c6469185ba307c7bd48ecb663103eff61ffa1c4b,1702
- completed:
    hackage: xdot-0.3.0.3@sha256:28e44233406ce38aacc4d0f1de11434d8c5d9e6d7d4ace8b6c5424f6912c9856,2116
    pantry-tree:
      size: 959
      sha256: 6ff4cc1708c017784f9f4d94af7981df698dfa7e306b8206ad745fbdc31e6f1d
  original:
    hackage: xdot-0.3.0.3@sha256:28e44233406ce38aacc4d0f1de11434d8c5d9e6d7d4ace8b6c5424f6912c9856,2116
- completed:
    hackage: Cabal-3.0.2.0@sha256:caadad83e044cdd38770600fd380055ad1a8c87d454b1f9d0710c14834f8cbc2,27486
    pantry-tree:
      size: 40207
      sha256: 49c8fe9e4538bd5cbd1e8132d918374ea6cd34648a5aaf0c4b0d68989d5dda1d
  original:
    hackage: Cabal-3.0.2.0@sha256:caadad83e044cdd38770600fd380055ad1a8c87d454b1f9d0710c14834f8cbc2,27486
- completed:
    hackage: glib-0.13.8.1@sha256:42670daf0c85309281e08ba8559df75daa2e3be642e79fdfa781bef5e59658b0,3156
    pantry-tree:
      size: 1625
      sha256: 1167575db8823b7a9f5fbaebdbc0ea5cef54301e442754ec256ba9371bd388e7
  original:
    hackage: glib-0.13.8.1@sha256:42670daf0c85309281e08ba8559df75daa2e3be642e79fdfa781bef5e59658b0,3156
- completed:
    hackage: gtk2hs-buildtools-0.13.8.2@sha256:01c4a6cc3679008bd4caec32b49843acb27a5f48ee2b22484218f097835548f6,5238
    pantry-tree:
      size: 3588
      sha256: 1c3b449a69f4bb2d27c09a89e447552a58201a3febf5418e67af0001a0cbb0a7
  original:
    hackage: gtk2hs-buildtools-0.13.8.2@sha256:01c4a6cc3679008bd4caec32b49843acb27a5f48ee2b22484218f097835548f6,5238
- completed:
    hackage: pango-0.13.8.1@sha256:877b121c0bf87c96d3619effae6751ecfd74b7f7f3227cf3fde012597aed5ed9,3917
    pantry-tree:
      size: 1506
      sha256: eec456a3d16f1a9305196a86a7c49a6f2cfe1b041a50b02059dc4898a07a3bd9
  original:
    hackage: pango-0.13.8.1@sha256:877b121c0bf87c96d3619effae6751ecfd74b7f7f3227cf3fde012597aed5ed9,3917
- completed:
    hackage: graphviz-2999.20.1.0@sha256:fac315d1a260d1625a938e5164362b080c9110f02aa0a71b7b77b25173cf7e77,7703
    pantry-tree:
      size: 4322
      sha256: 1ea7b8528a0ba4c9890a64dbb387677ec6b81bfce196f1c456ee36ba87abcc31
  original:
    hackage: graphviz-2999.20.1.0@sha256:fac315d1a260d1625a938e5164362b080c9110f02aa0a71b7b77b25173cf7e77,7703
- completed:
    hackage: wl-pprint-text-1.2.0.1@sha256:abe3d085eafc2ec915de4e5c92c4b24228feba80d93de0ab426e5698123ec27b,1227
    pantry-tree:
      size: 413
      sha256: d0df46381757f8053a0a6cd0d7a2207d827ed4c72418339764f6ebe589a36a71
  original:
    hackage: wl-pprint-text-1.2.0.1@sha256:abe3d085eafc2ec915de4e5c92c4b24228feba80d93de0ab426e5698123ec27b,1227
snapshots:
- completed:
    size: 444367
    url: https://raw.githubusercontent.com/commercialhaskell/stackage-snapshots/master/nightly/2020/1/6.yaml
    sha256: 53cc08beac90b2e1fdfcde2df030c3452fa696b38015192a4d1ba54f7a8b196a
  original: nightly-2020-01-06
